Microsoft Visual Studio Solution File, Format Version 12.00
Project("{FAE04EC0-301F-11D3-BF4B-00C04F79EFBC}") = "MkDocsProjSdk", "MkDocsProjSdk.proj", "{F4727DEE-F853-4642-97AF-94495EE9B2A2}"
EndProject
Global
	GlobalSection(SolutionConfigurationPlatforms) = preSolution
		Debug|Any CPU = Debug|Any CPU
	EndGlobalSection
	GlobalSection(ProjectConfigurationPlatforms) = postSolution
		{F4727DEE-F853-4642-97AF-94495EE9B2A2}.Debug|Any CPU.ActiveCfg = Debug|Any CPU
		{F4727DEE-F853-4642-97AF-94495EE9B2A2}.Debug|Any CPU.Build.0 = Debug|Any CPU
	EndGlobalSection
	GlobalSection(SolutionProperties) = preSolution
		HideSolutionNode = FALSE
	EndGlobalSection
	GlobalSection(ExtensibilityGlobals) = postSolution
		SolutionGuid = {27E9993A-CBF8-4A41-8827-FE0CB19070BC}
	EndGlobalSection
EndGlobal
